
Microsoft Visual Studio Solution File, Format Version 12.00
# Visual Studio Version 16
VisualStudioVersion = 16.0.29009.5
MinimumVisualStudioVersion = 10.0.40219.1
Project("{FAE04EC0-301F-11D3-BF4B-00C04F79EFBC}") = "MRP_Ratboy", "MRP_Ratboy.csproj", "{FF8F3CD6-8AC2-47A0-B2A8-D3C98D329554}"
EndProject
Global
	GlobalSection(SolutionConfigurationPlatforms) = preSolution
		Debug|Any CPU = Debug|Any CPU
		Release|Any CPU = Release|Any CPU
	EndGlobalSection
	GlobalSection(ProjectConfigurationPlatforms) = postSolution
		{FF8F3CD6-8AC2-47A0-B2A8-D3C98D329554}.Debug|Any CPU.ActiveCfg = Debug|Any CPU
		{FF8F3CD6-8AC2-47A0-B2A8-D3C98D329554}.Debug|Any CPU.Build.0 = Debug|Any CPU
		{FF8F3CD6-8AC2-47A0-B2A8-D3C98D329554}.Release|Any CPU.ActiveCfg = Release|Any CPU
		{FF8F3CD6-8AC2-47A0-B2A8-D3C98D329554}.Release|Any CPU.Build.0 = Release|Any CPU
	EndGlobalSection
	GlobalSection(SolutionProperties) = preSolution
		HideSolutionNode = FALSE
	EndGlobalSection
	GlobalSection(ExtensibilityGlobals) = postSolution
		SolutionGuid = {E36A63B3-88D3-4FF1-971F-339F683A5C2F}
	EndGlobalSection
EndGlobal
